// !$*UTF8*$!
{
	archiveVersion = 1;
	classes = {
	};
	objectVersion = 46;
	objects = {

/* Begin PBXBuildFile section */
		B913F1C11A00EE4500DD984A /* FlLoadPdf.m in Sources */ = {isa = PBXBuildFile; fileRef = B913F1C01A00EE4500DD984A /* FlLoadPdf.m */; };
		B913F1C41A01112800DD984A /* ASStarRatingView.m in Sources */ = {isa = PBXBuildFile; fileRef = B913F1C31A01112800DD984A /* ASStarRatingView.m */; };
		B913F1CC1A0112FD00DD984A /* half_selected_star.png in Resources */ = {isa = PBXBuildFile; fileRef = B913F1C61A0112FD00DD984A /* half_selected_star.png */; };
		B913F1CD1A0112FD00DD984A /* half_selected_star@2x.png in Resources */ = {isa = PBXBuildFile; fileRef = B913F1C71A0112FD00DD984A /* half_selected_star@2x.png */; };
		B913F1CE1A0112FD00DD984A /* not_selected_star.png in Resources */ = {isa = PBXBuildFile; fileRef = B913F1C81A0112FD00DD984A /* not_selected_star.png */; };
		B913F1CF1A0112FD00DD984A /* not_selected_star@2x.png in Resources */ = {isa = PBXBuildFile; fileRef = B913F1C91A0112FD00DD984A /* not_selected_star@2x.png */; };
		B913F1D01A0112FD00DD984A /* selected_star.png in Resources */ = {isa = PBXBuildFile; fileRef = B913F1CA1A0112FD00DD984A /* selected_star.png */; };
		B913F1D11A0112FD00DD984A /* selected_star@2x.png in Resources */ = {isa = PBXBuildFile; fileRef = B913F1CB1A0112FD00DD984A /* selected_star@2x.png */; };
		B98743A319FF6D1600136AA7 /* NSObject+SBJson.m in Sources */ = {isa = PBXBuildFile; fileRef = B987438819FF6D1600136AA7 /* NSObject+SBJson.m */; };
		B98743A419FF6D1600136AA7 /* SBJsonParser.m in Sources */ = {isa = PBXBuildFile; fileRef = B987438B19FF6D1600136AA7 /* SBJsonParser.m */; };
		B98743A519FF6D1600136AA7 /* SBJsonStreamParser.m in Sources */ = {isa = PBXBuildFile; fileRef = B987438D19FF6D1600136AA7 /* SBJsonStreamParser.m */; };
		B98743A619FF6D1600136AA7 /* SBJsonStreamParserAccumulator.m in Sources */ = {isa = PBXBuildFile; fileRef = B987438F19FF6D1600136AA7 /* SBJsonStreamParserAccumulator.m */; };
		B98743A719FF6D1600136AA7 /* SBJsonStreamParserAdapter.m in Sources */ = {isa = PBXBuildFile; fileRef = B987439119FF6D1600136AA7 /* SBJsonStreamParserAdapter.m */; };
		B98743A819FF6D1600136AA7 /* SBJsonStreamParserState.m in Sources */ = {isa = PBXBuildFile; fileRef = B987439319FF6D1600136AA7 /* SBJsonStreamParserState.m */; };
		B98743A919FF6D1600136AA7 /* SBJsonStreamWriter.m in Sources */ = {isa = PBXBuildFile; fileRef = B987439519FF6D1600136AA7 /* SBJsonStreamWriter.m */; };
		B98743AA19FF6D1600136AA7 /* SBJsonStreamWriterAccumulator.m in Sources */ = {isa = PBXBuildFile; fileRef = B987439719FF6D1600136AA7 /* SBJsonStreamWriterAccumulator.m */; };
		B98743AB19FF6D1600136AA7 /* SBJsonStreamWriterState.m in Sources */ = {isa = PBXBuildFile; fileRef = B987439919FF6D1600136AA7 /* SBJsonStreamWriterState.m */; };
		B98743AC19FF6D1600136AA7 /* SBJsonTokeniser.m in Sources */ = {isa = PBXBuildFile; fileRef = B987439B19FF6D1600136AA7 /* SBJsonTokeniser.m */; };
		B98743AD19FF6D1600136AA7 /* SBJsonUTF8Stream.m in Sources */ = {isa = PBXBuildFile; fileRef = B987439D19FF6D1600136AA7 /* SBJsonUTF8Stream.m */; };
		B98743AE19FF6D1600136AA7 /* SBJsonWriter.m in Sources */ = {isa = PBXBuildFile; fileRef = B987439F19FF6D1600136AA7 /* SBJsonWriter.m */; };
		B987440919FF6D8500136AA7 /* MBProgressHUD.m in Sources */ = {isa = PBXBuildFile; fileRef = B98743FE19FF6D8500136AA7 /* MBProgressHUD.m */; };
		B987442B19FF700D00136AA7 /* ATWebServiceConstant.m in Sources */ = {isa = PBXBuildFile; fileRef = B987442A19FF700D00136AA7 /* ATWebServiceConstant.m */; };
		B987442E19FF703600136AA7 /* ATWebService.m in Sources */ = {isa = PBXBuildFile; fileRef = B987442D19FF703600136AA7 /* ATWebService.m */; };
		B987443119FF785400136AA7 /* FLZipResponseModel.m in Sources */ = {isa = PBXBuildFile; fileRef = B987442F19FF785400136AA7 /* FLZipResponseModel.m */; };
		BB13883619FBE07E0034027C /* FootLightCategoryViewController.m in Sources */ = {isa = PBXBuildFile; fileRef = BB13883519FBE07E0034027C /* FootLightCategoryViewController.m */; };
		BB13883A19FBE1BB0034027C /* FLNavigationBar.m in Sources */ = {isa = PBXBuildFile; fileRef = BB13883819FBE1BB0034027C /* FLNavigationBar.m */; };
		BB13883B19FBE1BB0034027C /* FLNavigationBar.xib in Resources */ = {isa = PBXBuildFile; fileRef = BB13883919FBE1BB0034027C /* FLNavigationBar.xib */; };
		BB13883E19FBE6990034027C /* HomeCellModel.m in Sources */ = {isa = PBXBuildFile; fileRef = BB13883D19FBE6990034027C /* HomeCellModel.m */; };
		BB13884119FBEAB80034027C /* FLTheaterViewController.m in Sources */ = {isa = PBXBuildFile; fileRef = BB13884019FBEAB80034027C /* FLTheaterViewController.m */; };
		BB13884519FBEB5B0034027C /* FLPicker.m in Sources */ = {isa = PBXBuildFile; fileRef = BB13884319FBEB5B0034027C /* FLPicker.m */; };
		BB13884619FBEB5B0034027C /* FLPicker.xib in Resources */ = {isa = PBXBuildFile; fileRef = BB13884419FBEB5B0034027C /* FLPicker.xib */; };
		BB13884919FBED7F0034027C /* FLPickerModel.m in Sources */ = {isa = PBXBuildFile; fileRef = BB13884819FBED7F0034027C /* FLPickerModel.m */; };
		BB13884C19FBF2290034027C /* FLByLocationViewController.m in Sources */ = {isa = PBXBuildFile; fileRef = BB13884B19FBF2290034027C /* FLByLocationViewController.m */; };
		BB13885019FBFC9B0034027C /* FLCollectionCell.m in Sources */ = {isa = PBXBuildFile; fileRef = BB13884E19FBFC9B0034027C /* FLCollectionCell.m */; };
		BB13885119FBFC9B0034027C /* FLCollectionCell.xib in Resources */ = {isa = PBXBuildFile; fileRef = BB13884F19FBFC9B0034027C /* FLCollectionCell.xib */; };
		BB13885419FC068C0034027C /* FLAlert.m in Sources */ = {isa = PBXBuildFile; fileRef = BB13885319FC068B0034027C /* FLAlert.m */; };
		BB13885619FC14180034027C /* UIViewController+ShowModalFromView.m in Sources */ = {isa = PBXBuildFile; fileRef = BB13885519FC14170034027C /* UIViewController+ShowModalFromView.m */; };
		BB13885A19FC1EC30034027C /* UIView+FLView.m in Sources */ = {isa = PBXBuildFile; fileRef = BB13885919FC1EC30034027C /* UIView+FLView.m */; };
		BB7A74AD19FE98AD00D71D66 /* FLListCell.m in Sources */ = {isa = PBXBuildFile; fileRef = BB7A74AB19FE98AD00D71D66 /* FLListCell.m */; };
		BB7A74AE19FE98AD00D71D66 /* FLListCell.xib in Resources */ = {isa = PBXBuildFile; fileRef = BB7A74AC19FE98AD00D71D66 /* FLListCell.xib */; };
		BB7A74B119FE9DE000D71D66 /* rightArrow.png in Resources */ = {isa = PBXBuildFile; fileRef = BB7A74AF19FE9DE000D71D66 /* rightArrow.png */; };
		BB7A74B219FE9DE000D71D66 /* rightArrow@2x copy.png in Resources */ = {isa = PBXBuildFile; fileRef = BB7A74B019FE9DE000D71D66 /* rightArrow@2x copy.png */; };
		BB7A74B819FEA69500D71D66 /* FLProductDetailViewController.m in Sources */ = {isa = PBXBuildFile; fileRef = BB7A74B719FEA69500D71D66 /* FLProductDetailViewController.m */; };
		BB7A74BA19FEA83600D71D66 /* black_heart.png in Resources */ = {isa = PBXBuildFile; fileRef = BB7A74B919FEA83600D71D66 /* black_heart.png */; };
		BB7A74BE19FEB1B600D71D66 /* FLLeftMenuViewController.m in Sources */ = {isa = PBXBuildFile; fileRef = BB7A74BC19FEB1B600D71D66 /* FLLeftMenuViewController.m */; };
		BB7A74BF19FEB1B600D71D66 /* FLLeftMenuViewController.xib in Resources */ = {isa = PBXBuildFile; fileRef = BB7A74BD19FEB1B600D71D66 /* FLLeftMenuViewController.xib */; };
		BB7A74C319FEB36A00D71D66 /* FLLeftMenuCell.m in Sources */ = {isa = PBXBuildFile; fileRef = BB7A74C119FEB36A00D71D66 /* FLLeftMenuCell.m */; };
		BB7A74C419FEB36A00D71D66 /* FLLeftMenuCell.xib in Resources */ = {isa = PBXBuildFile; fileRef = BB7A74C219FEB36A00D71D66 /* FLLeftMenuCell.xib */; };
		BB7C321319FAB82500A5EFCF /* main.m in Sources */ = {isa = PBXBuildFile; fileRef = BB7C321219FAB82500A5EFCF /* main.m */; };
		BB7C321619FAB82500A5EFCF /* AppDelegate.m in Sources */ = {isa = PBXBuildFile; fileRef = BB7C321519FAB82500A5EFCF /* AppDelegate.m */; };
		BB7C321919FAB82500A5EFCF /* ViewController.m in Sources */ = {isa = PBXBuildFile; fileRef = BB7C321819FAB82500A5EFCF /* ViewController.m */; };
		BB7C321C19FAB82500A5EFCF /* Main.storyboard in Resources */ = {isa = PBXBuildFile; fileRef = BB7C321A19FAB82500A5EFCF /* Main.storyboard */; };
		BB7C321E19FAB82500A5EFCF /* Images.xcassets in Resources */ = {isa = PBXBuildFile; fileRef = BB7C321D19FAB82500A5EFCF /* Images.xcassets */; };
		BB7C322119FAB82500A5EFCF /* LaunchScreen.xib in Resources */ = {isa = PBXBuildFile; fileRef = BB7C321F19FAB82500A5EFCF /* LaunchScreen.xib */; };
		BB7C322D19FAB82500A5EFCF /* FootLightTests.m in Sources */ = {isa = PBXBuildFile; fileRef = BB7C322C19FAB82500A5EFCF /* FootLightTests.m */; };
		BB7C324219FAB8FB00A5EFCF /* default.png in Resources */ = {isa = PBXBuildFile; fileRef = BB7C323719FAB8FB00A5EFCF /* default.png */; };
		BB7C324319FAB8FB00A5EFCF /* Category_Cabaret.png in Resources */ = {isa = PBXBuildFile; fileRef = BB7C323819FAB8FB00A5EFCF /* Category_Cabaret.png */; };
		BB7C324419FAB8FB00A5EFCF /* Category_Comedy.png in Resources */ = {isa = PBXBuildFile; fileRef = BB7C323919FAB8FB00A5EFCF /* Category_Comedy.png */; };
		BB7C324519FAB8FB00A5EFCF /* Category_Dance.png in Resources */ = {isa = PBXBuildFile; fileRef = BB7C323A19FAB8FB00A5EFCF /* Category_Dance.png */; };
		BB7C324619FAB8FB00A5EFCF /* Home_Favourites.png in Resources */ = {isa = PBXBuildFile; fileRef = BB7C323B19FAB8FB00A5EFCF /* Home_Favourites.png */; };
		BB7C324719FAB8FB00A5EFCF /* Home_Listings.png in Resources */ = {isa = PBXBuildFile; fileRef = BB7C323C19FAB8FB00A5EFCF /* Home_Listings.png */; };
		BB7C324819FAB8FB00A5EFCF /* Category_Music.png in Resources */ = {isa = PBXBuildFile; fileRef = BB7C323D19FAB8FB00A5EFCF /* Category_Music.png */; };
		BB7C324919FAB8FB00A5EFCF /* Category_Museum.png in Resources */ = {isa = PBXBuildFile; fileRef = BB7C323E19FAB8FB00A5EFCF /* Category_Museum.png */; };
		BB7C324A19FAB8FB00A5EFCF /* Category_Theatre.png in Resources */ = {isa = PBXBuildFile; fileRef = BB7C323F19FAB8FB00A5EFCF /* Category_Theatre.png */; };
		BB7C324B19FAB8FB00A5EFCF /* Home_TopPicks.png in Resources */ = {isa = PBXBuildFile; fileRef = BB7C324019FAB8FB00A5EFCF /* Home_TopPicks.png */; };
		BB7C324C19FAB8FB00A5EFCF /* NavigationBar.png in Resources */ = {isa = PBXBuildFile; fileRef = BB7C324119FAB8FB00A5EFCF /* NavigationBar.png */; };
		BBDA3E8119FB587B0077CFD9 /* Home_location.png in Resources */ = {isa = PBXBuildFile; fileRef = BBDA3E8019FB587B0077CFD9 /* Home_location.png */; };
		BBDA3E9119FBD7230077CFD9 /* critic.png in Resources */ = {isa = PBXBuildFile; fileRef = BBDA3E8319FBD7230077CFD9 /* critic.png */; };
		BBDA3E9219FBD7230077CFD9 /* drop_down.jpg in Resources */ = {isa = PBXBuildFile; fileRef = BBDA3E8419FBD7230077CFD9 /* drop_down.jpg */; };
		BBDA3E9319FBD7230077CFD9 /* fail.png in Resources */ = {isa = PBXBuildFile; fileRef = BBDA3E8519FBD7230077CFD9 /* fail.png */; };
		BBDA3E9419FBD7230077CFD9 /* favorite.png in Resources */ = {isa = PBXBuildFile; fileRef = BBDA3E8619FBD7230077CFD9 /* favorite.png */; };
		BBDA3E9519FBD7230077CFD9 /* home.png in Resources */ = {isa = PBXBuildFile; fileRef = BBDA3E8719FBD7230077CFD9 /* home.png */; };
		BBDA3E9619FBD7230077CFD9 /* ic_drawer.png in Resources */ = {isa = PBXBuildFile; fileRef = BBDA3E8819FBD7230077CFD9 /* ic_drawer.png */; };
		BBDA3E9719FBD7230077CFD9 /* ic_launcher.jpg in Resources */ = {isa = PBXBuildFile; fileRef = BBDA3E8919FBD7230077CFD9 /* ic_launcher.jpg */; };
		BBDA3E9819FBD7230077CFD9 /* image_back.png in Resources */ = {isa = PBXBuildFile; fileRef = BBDA3E8A19FBD7230077CFD9 /* image_back.png */; };
		BBDA3E9919FBD7230077CFD9 /* knob.png in Resources */ = {isa = PBXBuildFile; fileRef = BBDA3E8B19FBD7230077CFD9 /* knob.png */; };
		BBDA3E9A19FBD7230077CFD9 /* list.png in Resources */ = {isa = PBXBuildFile; fileRef = BBDA3E8C19FBD7230077CFD9 /* list.png */; };
		BBDA3E9B19FBD7230077CFD9 /* location.png in Resources */ = {isa = PBXBuildFile; fileRef = BBDA3E8D19FBD7230077CFD9 /* location.png */; };
		BBDA3E9C19FBD7230077CFD9 /* red_heart.png in Resources */ = {isa = PBXBuildFile; fileRef = BBDA3E8E19FBD7230077CFD9 /* red_heart.png */; };
		BBDA3E9D19FBD7230077CFD9 /* success.png in Resources */ = {isa = PBXBuildFile; fileRef = BBDA3E8F19FBD7230077CFD9 /* success.png */; };
		BBDA3E9E19FBD7230077CFD9 /* wait.png in Resources */ = {isa = PBXBuildFile; fileRef = BBDA3E9019FBD7230077CFD9 /* wait.png */; };
		BBF937991A000C48000BF603 /* FLProductListViewController.m in Sources */ = {isa = PBXBuildFile; fileRef = BBF937971A000C48000BF603 /* FLProductListViewController.m */; };
		BBF937AE1A00160A000BF603 /* SDImageCache.m in Sources */ = {isa = PBXBuildFile; fileRef = BBF9379D1A00160A000BF603 /* SDImageCache.m */; };
		BBF937AF1A00160A000BF603 /* SDWebImageDecoder.m in Sources */ = {isa = PBXBuildFile; fileRef = BBF937A11A00160A000BF603 /* SDWebImageDecoder.m */; };
		BBF937B01A00160A000BF603 /* SDWebImageDownloader.m in Sources */ = {isa = PBXBuildFile; fileRef = BBF937A31A00160A000BF603 /* SDWebImageDownloader.m */; };
		BBF937B11A00160A000BF603 /* SDWebImageManager.m in Sources */ = {isa = PBXBuildFile; fileRef = BBF937A61A00160A000BF603 /* SDWebImageManager.m */; };
		BBF937B21A00160A000BF603 /* SDWebImagePrefetcher.m in Sources */ = {isa = PBXBuildFile; fileRef = BBF937A91A00160A000BF603 /* SDWebImagePrefetcher.m */; };
		BBF937B31A00160A000BF603 /* UIButton+WebCache.m in Sources */ = {isa = PBXBuildFile; fileRef = BBF937AB1A00160A000BF603 /* UIButton+WebCache.m */; };
		BBF937B41A00160A000BF603 /* UIImageView+WebCache.m in Sources */ = {isa = PBXBuildFile; fileRef = BBF937AD1A00160A000BF603 /* UIImageView+WebCache.m */; };
		BBF937B81A001B48000BF603 /* ATPicker.m in Sources */ = {isa = PBXBuildFile; fileRef = BBF937B61A001B48000BF603 /* ATPicker.m */; };
		BBF937B91A001B48000BF603 /* ATPicker.xib in Resources */ = {isa = PBXBuildFile; fileRef = BBF937B71A001B48000BF603 /* ATPicker.xib */; };
		BBF937BC1A014C7C000BF603 /* FLMapViewController.m in Sources */ = {isa = PBXBuildFile; fileRef = BBF937BB1A014C7C000BF603 /* FLMapViewController.m */; };
		BBF937BE1A014D34000BF603 /* MapKit.framework in Frameworks */ = {isa = PBXBuildFile; fileRef = BBF937BD1A014D34000BF603 /* MapKit.framework */; };
		BBF937C11A015010000BF603 /* CustomAnnotation.m in Sources */ = {isa = PBXBuildFile; fileRef = BBF937C01A015010000BF603 /* CustomAnnotation.m */; };
/* End PBXBuildFile section */

/* Begin PBXContainerItemProxy section */
		BB7C322719FAB82500A5EFCF /* PBXContainerItemProxy */ = {
			isa = PBXContainerItemProxy;
			containerPortal = BB7C320519FAB82500A5EFCF /* Project object */;
			proxyType = 1;
			remoteGlobalIDString = BB7C320C19FAB82500A5EFCF;
			remoteInfo = FootLight;
		};
/* End PBXContainerItemProxy section */

/* Begin PBXFileReference section */
		B913F1BF1A00EE4500DD984A /* FlLoadPdf.h */ = {isa = PBXFileReference; fileEncoding = 4; lastKnownFileType = sourcecode.c.h; path = FlLoadPdf.h; sourceTree = "<group>"; };
		B913F1C01A00EE4500DD984A /* FlLoadPdf.m */ = {isa = PBXFileReference; fileEncoding = 4; lastKnownFileType = sourcecode.c.objc; path = FlLoadPdf.m; sourceTree = "<group>"; };
		B913F1C21A01112800DD984A /* ASStarRatingView.h */ = {isa = PBXFileReference; fileEncoding = 4; lastKnownFileType = sourcecode.c.h; path = ASStarRatingView.h; sourceTree = "<group>"; };
		B913F1C31A01112800DD984A /* ASStarRatingView.m */ = {isa = PBXFileReference; fileEncoding = 4; lastKnownFileType = sourcecode.c.objc; path = ASStarRatingView.m; sourceTree = "<group>"; };
		B913F1C61A0112FD00DD984A /* half_selected_star.png */ = {isa = PBXFileReference; lastKnownFileType = image.png; path = half_selected_star.png; sourceTree = "<group>"; };
		B913F1C71A0112FD00DD984A /* half_selected_star@2x.png */ = {isa = PBXFileReference; lastKnownFileType = image.png; path = "half_selected_star@2x.png"; sourceTree = "<group>"; };
		B913F1C81A0112FD00DD984A /* not_selected_star.png */ = {isa = PBXFileReference; lastKnownFileType = image.png; path = not_selected_star.png; sourceTree = "<group>"; };
		B913F1C91A0112FD00DD984A /* not_selected_star@2x.png */ = {isa = PBXFileReference; lastKnownFileType = image.png; path = "not_selected_star@2x.png"; sourceTree = "<group>"; };
		B913F1CA1A0112FD00DD984A /* selected_star.png */ = {isa = PBXFileReference; lastKnownFileType = image.png; path = selected_star.png; sourceTree = "<group>"; };
		B913F1CB1A0112FD00DD984A /* selected_star@2x.png */ = {isa = PBXFileReference; lastKnownFileType = image.png; path = "selected_star@2x.png"; sourceTree = "<group>"; };
		B987438719FF6D1600136AA7 /* NSObject+SBJson.h */ = {isa = PBXFileReference; fileEncoding = 4; lastKnownFileType = sourcecode.c.h; path = "NSObject+SBJson.h"; sourceTree = "<group>"; };
		B987438819FF6D1600136AA7 /* NSObject+SBJson.m */ = {isa = PBXFileReference; fileEncoding = 4; lastKnownFileType = sourcecode.c.objc; path = "NSObject+SBJson.m"; sourceTree = "<group>"; };
		B987438919FF6D1600136AA7 /* SBJson.h */ = {isa = PBXFileReference; fileEncoding = 4; lastKnownFileType = sourcecode.c.h; path = SBJson.h; sourceTree = "<group>"; };
		B987438A19FF6D1600136AA7 /* SBJsonParser.h */ = {isa = PBXFileReference; fileEncoding = 4; lastKnownFileType = sourcecode.c.h; path = SBJsonParser.h; sourceTree = "<group>"; };
		B987438B19FF6D1600136AA7 /* SBJsonParser.m */ = {isa = PBXFileReference; fileEncoding = 4; lastKnownFileType = sourcecode.c.objc; path = SBJsonParser.m; sourceTree = "<group>"; };
		B987438C19FF6D1600136AA7 /* SBJsonStreamParser.h */ = {isa = PBXFileReference; fileEncoding = 4; lastKnownFileType = sourcecode.c.h; path = SBJsonStreamParser.h; sourceTree = "<group>"; };
		B987438D19FF6D1600136AA7 /* SBJsonStreamParser.m */ = {isa = PBXFileReference; fileEncoding = 4; lastKnownFileType = sourcecode.c.objc; path = SBJsonStreamParser.m; sourceTree = "<group>"; };
		B987438E19FF6D1600136AA7 /* SBJsonStreamParserAccumulator.h */ = {isa = PBXFileReference; fileEncoding = 4; lastKnownFileType = sourcecode.c.h; path = SBJsonStreamParserAccumulator.h; sourceTree = "<group>"; };
		B987438F19FF6D1600136AA7 /* SBJsonStreamParserAccumulator.m */ = {isa = PBXFileReference; fileEncoding = 4; lastKnownFileType = sourcecode.c.objc; path = SBJsonStreamParserAccumulator.m; sourceTree = "<group>"; };
		B987439019FF6D1600136AA7 /* SBJsonStreamParserAdapter.h */ = {isa = PBXFileReference; fileEncoding = 4; lastKnownFileType = sourcecode.c.h; path = SBJsonStreamParserAdapter.h; sourceTree = "<group>"; };
		B987439119FF6D1600136AA7 /* SBJsonStreamParserAdapter.m */ = {isa = PBXFileReference; fileEncoding = 4; lastKnownFileType = sourcecode.c.objc; path = SBJsonStreamParserAdapter.m; sourceTree = "<group>"; };
		B987439219FF6D1600136AA7 /* SBJsonStreamParserState.h */ = {isa = PBXFileReference; fileEncoding = 4; lastKnownFileType = sourcecode.c.h; path = SBJsonStreamParserState.h; sourceTree = "<group>"; };
		B987439319FF6D1600136AA7 /* SBJsonStreamParserState.m */ = {isa = PBXFileReference; fileEncoding = 4; lastKnownFileType = sourcecode.c.objc; path = SBJsonStreamParserState.m; sourceTree = "<group>"; };
		B987439419FF6D1600136AA7 /* SBJsonStreamWriter.h */ = {isa = PBXFileReference; fileEncoding = 4; lastKnownFileType = sourcecode.c.h; path = SBJsonStreamWriter.h; sourceTree = "<group>"; };
		B987439519FF6D1600136AA7 /* SBJsonStreamWriter.m */ = {isa = PBXFileReference; fileEncoding = 4; lastKnownFileType = sourcecode.c.objc; path = SBJsonStreamWriter.m; sourceTree = "<group>"; };
		B987439619FF6D1600136AA7 /* SBJsonStreamWriterAccumulator.h */ = {isa = PBXFileReference; fileEncoding = 4; lastKnownFileType = sourcecode.c.h; path = SBJsonStreamWriterAccumulator.h; sourceTree = "<group>"; };
		B987439719FF6D1600136AA7 /* SBJsonStreamWriterAccumulator.m */ = {isa = PBXFileReference; fileEncoding = 4; lastKnownFileType = sourcecode.c.objc; path = SBJsonStreamWriterAccumulator.m; sourceTree = "<group>"; };
		B987439819FF6D1600136AA7 /* SBJsonStreamWriterState.h */ = {isa = PBXFileReference; fileEncoding = 4; lastKnownFileType = sourcecode.c.h; path = SBJsonStreamWriterState.h; sourceTree = "<group>"; };
		B987439919FF6D1600136AA7 /* SBJsonStreamWriterState.m */ = {isa = PBXFileReference; fileEncoding = 4; lastKnownFileType = sourcecode.c.objc; path = SBJsonStreamWriterState.m; sourceTree = "<group>"; };
		B987439A19FF6D1600136AA7 /* SBJsonTokeniser.h */ = {isa = PBXFileReference; fileEncoding = 4; lastKnownFileType = sourcecode.c.h; path = SBJsonTokeniser.h; sourceTree = "<group>"; };
		B987439B19FF6D1600136AA7 /* SBJsonTokeniser.m */ = {isa = PBXFileReference; fileEncoding = 4; lastKnownFileType = sourcecode.c.objc; path = SBJsonTokeniser.m; sourceTree = "<group>"; };
		B987439C19FF6D1600136AA7 /* SBJsonUTF8Stream.h */ = {isa = PBXFileReference; fileEncoding = 4; lastKnownFileType = sourcecode.c.h; path = SBJsonUTF8Stream.h; sourceTree = "<group>"; };
		B987439D19FF6D1600136AA7 /* SBJsonUTF8Stream.m */ = {isa = PBXFileReference; fileEncoding = 4; lastKnownFileType = sourcecode.c.objc; path = SBJsonUTF8Stream.m; sourceTree = "<group>"; };
		B987439E19FF6D1600136AA7 /* SBJsonWriter.h */ = {isa = PBXFileReference; fileEncoding = 4; lastKnownFileType = sourcecode.c.h; path = SBJsonWriter.h; sourceTree = "<group>"; };
		B987439F19FF6D1600136AA7 /* SBJsonWriter.m */ = {isa = PBXFileReference; fileEncoding = 4; lastKnownFileType = sourcecode.c.objc; path = SBJsonWriter.m; sourceTree = "<group>"; };
		B98743FD19FF6D8500136AA7 /* MBProgressHUD.h */ = {isa = PBXFileReference; fileEncoding = 4; lastKnownFileType = sourcecode.c.h; path = MBProgressHUD.h; sourceTree = "<group>"; };
		B98743FE19FF6D8500136AA7 /* MBProgressHUD.m */ = {isa = PBXFileReference; fileEncoding = 4; lastKnownFileType = sourcecode.c.objc; path = MBProgressHUD.m; sourceTree = "<group>"; };
		B987440B19FF6E5900136AA7 /* PrefixHeader.pch */ = {isa = PBXFileReference; lastKnownFileType = sourcecode.c.h; path = PrefixHeader.pch; sourceTree = "<group>"; };
		B987442919FF700D00136AA7 /* ATWebServiceConstant.h */ = {isa = PBXFileReference; fileEncoding = 4; lastKnownFileType = sourcecode.c.h; path = ATWebServiceConstant.h; sourceTree = "<group>"; };
		B987442A19FF700D00136AA7 /* ATWebServiceConstant.m */ = {isa = PBXFileReference; fileEncoding = 4; lastKnownFileType = sourcecode.c.objc; path = ATWebServiceConstant.m; sourceTree = "<group>"; };
		B987442C19FF703600136AA7 /* ATWebService.h */ = {isa = PBXFileReference; fileEncoding = 4; lastKnownFileType = sourcecode.c.h; name = ATWebService.h; path = Webservices/ATWebService.h; sourceTree = "<group>"; };
		B987442D19FF703600136AA7 /* ATWebService.m */ = {isa = PBXFileReference; fileEncoding = 4; lastKnownFileType = sourcecode.c.objc; name = ATWebService.m; path = Webservices/ATWebService.m; sourceTree = "<group>"; };
		B987442F19FF785400136AA7 /* FLZipResponseModel.m */ = {isa = PBXFileReference; fileEncoding = 4; lastKnownFileType = sourcecode.c.objc; path = FLZipResponseModel.m; sourceTree = "<group>"; };
		B987443019FF785400136AA7 /* FLZipResponseModel.h */ = {isa = PBXFileReference; fileEncoding = 4; lastKnownFileType = sourcecode.c.h; path = FLZipResponseModel.h; sourceTree = "<group>"; };
		BB13883419FBE07E0034027C /* FootLightCategoryViewController.h */ = {isa = PBXFileReference; fileEncoding = 4; lastKnownFileType = sourcecode.c.h; path = FootLightCategoryViewController.h; sourceTree = "<group>"; };
		BB13883519FBE07E0034027C /* FootLightCategoryViewController.m */ = {isa = PBXFileReference; fileEncoding = 4; lastKnownFileType = sourcecode.c.objc; path = FootLightCategoryViewController.m; sourceTree = "<group>"; };
		BB13883719FBE1BB0034027C /* FLNavigationBar.h */ = {isa = PBXFileReference; fileEncoding = 4; lastKnownFileType = sourcecode.c.h; path = FLNavigationBar.h; sourceTree = "<group>"; };
		BB13883819FBE1BB0034027C /* FLNavigationBar.m */ = {isa = PBXFileReference; fileEncoding = 4; lastKnownFileType = sourcecode.c.objc; path = FLNavigationBar.m; sourceTree = "<group>"; };
		BB13883919FBE1BB0034027C /* FLNavigationBar.xib */ = {isa = PBXFileReference; fileEncoding = 4; lastKnownFileType = file.xib; path = FLNavigationBar.xib; sourceTree = "<group>"; };
		BB13883C19FBE6990034027C /* HomeCellModel.h */ = {isa = PBXFileReference; fileEncoding = 4; lastKnownFileType = sourcecode.c.h; path = HomeCellModel.h; sourceTree = "<group>"; };
		BB13883D19FBE6990034027C /* HomeCellModel.m */ = {isa = PBXFileReference; fileEncoding = 4; lastKnownFileType = sourcecode.c.objc; path = HomeCellModel.m; sourceTree = "<group>"; };
		BB13883F19FBEAB80034027C /* FLTheaterViewController.h */ = {isa = PBXFileReference; fileEncoding = 4; lastKnownFileType = sourcecode.c.h; path = FLTheaterViewController.h; sourceTree = "<group>"; };
		BB13884019FBEAB80034027C /* FLTheaterViewController.m */ = {isa = PBXFileReference; fileEncoding = 4; lastKnownFileType = sourcecode.c.objc; path = FLTheaterViewController.m; sourceTree = "<group>"; };
		BB13884219FBEB5B0034027C /* FLPicker.h */ = {isa = PBXFileReference; fileEncoding = 4; lastKnownFileType = sourcecode.c.h; path = FLPicker.h; sourceTree = "<group>"; };
		BB13884319FBEB5B0034027C /* FLPicker.m */ = {isa = PBXFileReference; fileEncoding = 4; lastKnownFileType = sourcecode.c.objc; path = FLPicker.m; sourceTree = "<group>"; };
		BB13884419FBEB5B0034027C /* FLPicker.xib */ = {isa = PBXFileReference; fileEncoding = 4; lastKnownFileType = file.xib; path = FLPicker.xib; sourceTree = "<group>"; };
		BB13884719FBED7F0034027C /* FLPickerModel.h */ = {isa = PBXFileReference; fileEncoding = 4; lastKnownFileType = sourcecode.c.h; path = FLPickerModel.h; sourceTree = "<group>"; };
		BB13884819FBED7F0034027C /* FLPickerModel.m */ = {isa = PBXFileReference; fileEncoding = 4; lastKnownFileType = sourcecode.c.objc; path = FLPickerModel.m; sourceTree = "<group>"; };
		BB13884A19FBF2290034027C /* FLByLocationViewController.h */ = {isa = PBXFileReference; fileEncoding = 4; lastKnownFileType = sourcecode.c.h; path = FLByLocationViewController.h; sourceTree = "<group>"; };
		BB13884B19FBF2290034027C /* FLByLocationViewController.m */ = {isa = PBXFileReference; fileEncoding = 4; lastKnownFileType = sourcecode.c.objc; path = FLByLocationViewController.m; sourceTree = "<group>"; };
		BB13884D19FBFC9B0034027C /* FLCollectionCell.h */ = {isa = PBXFileReference; fileEncoding = 4; lastKnownFileType = sourcecode.c.h; path = FLCollectionCell.h; sourceTree = "<group>"; };
		BB13884E19FBFC9B0034027C /* FLCollectionCell.m */ = {isa = PBXFileReference; fileEncoding = 4; lastKnownFileType = sourcecode.c.objc; path = FLCollectionCell.m; sourceTree = "<group>"; };
		BB13884F19FBFC9B0034027C /* FLCollectionCell.xib */ = {isa = PBXFileReference; fileEncoding = 4; lastKnownFileType = file.xib; path = FLCollectionCell.xib; sourceTree = "<group>"; };
		BB13885219FC068B0034027C /* FLAlert.h */ = {isa = PBXFileReference; fileEncoding = 4; lastKnownFileType = sourcecode.c.h; path = FLAlert.h; sourceTree = "<group>"; };
		BB13885319FC068B0034027C /* FLAlert.m */ = {isa = PBXFileReference; fileEncoding = 4; lastKnownFileType = sourcecode.c.objc; path = FLAlert.m; sourceTree = "<group>"; };
		BB13885519FC14170034027C /* UIViewController+ShowModalFromView.m */ = {isa = PBXFileReference; fileEncoding = 4; lastKnownFileType = sourcecode.c.objc; name = "UIViewController+ShowModalFromView.m"; path = "../UIViewController+ShowModalFromView.m"; sourceTree = "<group>"; };
		BB13885719FC144C0034027C /* UIViewController+ShowModalFromView.h */ = {isa = PBXFileReference; fileEncoding = 4; lastKnownFileType = sourcecode.c.h; name = "UIViewController+ShowModalFromView.h"; path = "../UIViewController+ShowModalFromView.h"; sourceTree = "<group>"; };
		BB13885819FC1EC30034027C /* UIView+FLView.h */ = {isa = PBXFileReference; fileEncoding = 4; lastKnownFileType = sourcecode.c.h; path = "UIView+FLView.h"; sourceTree = "<group>"; };
		BB13885919FC1EC30034027C /* UIView+FLView.m */ = {isa = PBXFileReference; fileEncoding = 4; lastKnownFileType = sourcecode.c.objc; path = "UIView+FLView.m"; sourceTree = "<group>"; };
		BB7A74AA19FE98AD00D71D66 /* FLListCell.h */ = {isa = PBXFileReference; fileEncoding = 4; lastKnownFileType = sourcecode.c.h; path = FLListCell.h; sourceTree = "<group>"; };
		BB7A74AB19FE98AD00D71D66 /* FLListCell.m */ = {isa = PBXFileReference; fileEncoding = 4; lastKnownFileType = sourcecode.c.objc; path = FLListCell.m; sourceTree = "<group>"; };
		BB7A74AC19FE98AD00D71D66 /* FLListCell.xib */ = {isa = PBXFileReference; fileEncoding = 4; lastKnownFileType = file.xib; path = FLListCell.xib; sourceTree = "<group>"; };
		BB7A74AF19FE9DE000D71D66 /* rightArrow.png */ = {isa = PBXFileReference; lastKnownFileType = image.png; path = rightArrow.png; sourceTree = "<group>"; };
		BB7A74B019FE9DE000D71D66 /* rightArrow@2x copy.png */ = {isa = PBXFileReference; lastKnownFileType = image.png; path = "rightArrow@2x copy.png"; sourceTree = "<group>"; };
		BB7A74B619FEA69500D71D66 /* FLProductDetailViewController.h */ = {isa = PBXFileReference; fileEncoding = 4; lastKnownFileType = sourcecode.c.h; path = FLProductDetailViewController.h; sourceTree = "<group>"; };
		BB7A74B719FEA69500D71D66 /* FLProductDetailViewController.m */ = {isa = PBXFileReference; fileEncoding = 4; lastKnownFileType = sourcecode.c.objc; path = FLProductDetailViewController.m; sourceTree = "<group>"; };
		BB7A74B919FEA83600D71D66 /* black_heart.png */ = {isa = PBXFileReference; lastKnownFileType = image.png; path = black_heart.png; sourceTree = "<group>"; };
		BB7A74BB19FEB1B600D71D66 /* FLLeftMenuViewController.h */ = {isa = PBXFileReference; fileEncoding = 4; lastKnownFileType = sourcecode.c.h; path = FLLeftMenuViewController.h; sourceTree = "<group>"; };
		BB7A74BC19FEB1B600D71D66 /* FLLeftMenuViewController.m */ = {isa = PBXFileReference; fileEncoding = 4; lastKnownFileType = sourcecode.c.objc; path = FLLeftMenuViewController.m; sourceTree = "<group>"; };
		BB7A74BD19FEB1B600D71D66 /* FLLeftMenuViewController.xib */ = {isa = PBXFileReference; fileEncoding = 4; lastKnownFileType = file.xib; path = FLLeftMenuViewController.xib; sourceTree = "<group>"; };
		BB7A74C019FEB36A00D71D66 /* FLLeftMenuCell.h */ = {isa = PBXFileReference; fileEncoding = 4; lastKnownFileType = sourcecode.c.h; path = FLLeftMenuCell.h; sourceTree = "<group>"; };
		BB7A74C119FEB36A00D71D66 /* FLLeftMenuCell.m */ = {isa = PBXFileReference; fileEncoding = 4; lastKnownFileType = sourcecode.c.objc; path = FLLeftMenuCell.m; sourceTree = "<group>"; };
		BB7A74C219FEB36A00D71D66 /* FLLeftMenuCell.xib */ = {isa = PBXFileReference; fileEncoding = 4; lastKnownFileType = file.xib; path = FLLeftMenuCell.xib; sourceTree = "<group>"; };
		BB7C320D19FAB82500A5EFCF /* FootLight.app */ = {isa = PBXFileReference; explicitFileType = wrapper.application; includeInIndex = 0; path = FootLight.app; sourceTree = BUILT_PRODUCTS_DIR; };
		BB7C321119FAB82500A5EFCF /* Info.plist */ = {isa = PBXFileReference; lastKnownFileType = text.plist.xml; path = Info.plist; sourceTree = "<group>"; };
		BB7C321219FAB82500A5EFCF /* main.m */ = {isa = PBXFileReference; lastKnownFileType = sourcecode.c.objc; path = main.m; sourceTree = "<group>"; };
		BB7C321419FAB82500A5EFCF /* AppDelegate.h */ = {isa = PBXFileReference; lastKnownFileType = sourcecode.c.h; path = AppDelegate.h; sourceTree = "<group>"; };
		BB7C321519FAB82500A5EFCF /* AppDelegate.m */ = {isa = PBXFileReference; lastKnownFileType = sourcecode.c.objc; path = AppDelegate.m; sourceTree = "<group>"; };
		BB7C321719FAB82500A5EFCF /* ViewController.h */ = {isa = PBXFileReference; lastKnownFileType = sourcecode.c.h; path = ViewController.h; sourceTree = "<group>"; };
		BB7C321819FAB82500A5EFCF /* ViewController.m */ = {isa = PBXFileReference; lastKnownFileType = sourcecode.c.objc; path = ViewController.m; sourceTree = "<group>"; };
		BB7C321B19FAB82500A5EFCF /* Base */ = {isa = PBXFileReference; lastKnownFileType = file.storyboard; name = Base; path = Base.lproj/Main.storyboard; sourceTree = "<group>"; };
		BB7C321D19FAB82500A5EFCF /* Images.xcassets */ = {isa = PBXFileReference; lastKnownFileType = folder.assetcatalog; path = Images.xcassets; sourceTree = "<group>"; };
		BB7C322019FAB82500A5EFCF /* Base */ = {isa = PBXFileReference; lastKnownFileType = file.xib; name = Base; path = Base.lproj/LaunchScreen.xib; sourceTree = "<group>"; };
		BB7C322619FAB82500A5EFCF /* FootLightTests.xctest */ = {isa = PBXFileReference; explicitFileType = wrapper.cfbundle; includeInIndex = 0; path = FootLightTests.xctest; sourceTree = BUILT_PRODUCTS_DIR; };
		BB7C322B19FAB82500A5EFCF /* Info.plist */ = {isa = PBXFileReference; lastKnownFileType = text.plist.xml; path = Info.plist; sourceTree = "<group>"; };
		BB7C322C19FAB82500A5EFCF /* FootLightTests.m */ = {isa = PBXFileReference; lastKnownFileType = sourcecode.c.objc; path = FootLightTests.m; sourceTree = "<group>"; };
		BB7C323719FAB8FB00A5EFCF /* default.png */ = {isa = PBXFileReference; lastKnownFileType = image.png; path = default.png; sourceTree = "<group>"; };
		BB7C323819FAB8FB00A5EFCF /* Category_Cabaret.png */ = {isa = PBXFileReference; lastKnownFileType = image.png; path = Category_Cabaret.png; sourceTree = "<group>"; };
		BB7C323919FAB8FB00A5EFCF /* Category_Comedy.png */ = {isa = PBXFileReference; lastKnownFileType = image.png; path = Category_Comedy.png; sourceTree = "<group>"; };
		BB7C323A19FAB8FB00A5EFCF /* Category_Dance.png */ = {isa = PBXFileReference; lastKnownFileType = image.png; path = Category_Dance.png; sourceTree = "<group>"; };
		BB7C323B19FAB8FB00A5EFCF /* Home_Favourites.png */ = {isa = PBXFileReference; lastKnownFileType = image.png; path = Home_Favourites.png; sourceTree = "<group>"; };
		BB7C323C19FAB8FB00A5EFCF /* Home_Listings.png */ = {isa = PBXFileReference; lastKnownFileType = image.png; path = Home_Listings.png; sourceTree = "<group>"; };
		BB7C323D19FAB8FB00A5EFCF /* Category_Music.png */ = {isa = PBXFileReference; lastKnownFileType = image.png; path = Category_Music.png; sourceTree = "<group>"; };
		BB7C323E19FAB8FB00A5EFCF /* Category_Museum.png */ = {isa = PBXFileReference; lastKnownFileType = image.png; path = Category_Museum.png; sourceTree = "<group>"; };
		BB7C323F19FAB8FB00A5EFCF /* Category_Theatre.png */ = {isa = PBXFileReference; lastKnownFileType = image.png; path = Category_Theatre.png; sourceTree = "<group>"; };
		BB7C324019FAB8FB00A5EFCF /* Home_TopPicks.png */ = {isa = PBXFileReference; lastKnownFileType = image.png; path = Home_TopPicks.png; sourceTree = "<group>"; };
		BB7C324119FAB8FB00A5EFCF /* NavigationBar.png */ = {isa = PBXFileReference; lastKnownFileType = image.png; path = NavigationBar.png; sourceTree = "<group>"; };
		BBDA3E8019FB587B0077CFD9 /* Home_location.png */ = {isa = PBXFileReference; lastKnownFileType = image.png; path = Home_location.png; sourceTree = "<group>"; };
		BBDA3E8319FBD7230077CFD9 /* critic.png */ = {isa = PBXFileReference; lastKnownFileType = image.png; path = critic.png; sourceTree = "<group>"; };
		BBDA3E8419FBD7230077CFD9 /* drop_down.jpg */ = {isa = PBXFileReference; lastKnownFileType = image.jpeg; path = drop_down.jpg; sourceTree = "<group>"; };
		BBDA3E8519FBD7230077CFD9 /* fail.png */ = {isa = PBXFileReference; lastKnownFileType = image.png; path = fail.png; sourceTree = "<group>"; };
		BBDA3E8619FBD7230077CFD9 /* favorite.png */ = {isa = PBXFileReference; lastKnownFileType = image.png; path = favorite.png; sourceTree = "<group>"; };
		BBDA3E8719FBD7230077CFD9 /* home.png */ = {isa = PBXFileReference; lastKnownFileType = image.png; path = home.png; sourceTree = "<group>"; };
		BBDA3E8819FBD7230077CFD9 /* ic_drawer.png */ = {isa = PBXFileReference; lastKnownFileType = image.png; path = ic_drawer.png; sourceTree = "<group>"; };
		BBDA3E8919FBD7230077CFD9 /* ic_launcher.jpg */ = {isa = PBXFileReference; lastKnownFileType = image.jpeg; path = ic_launcher.jpg; sourceTree = "<group>"; };
		BBDA3E8A19FBD7230077CFD9 /* image_back.png */ = {isa = PBXFileReference; lastKnownFileType = image.png; path = image_back.png; sourceTree = "<group>"; };
		BBDA3E8B19FBD7230077CFD9 /* knob.png */ = {isa = PBXFileReference; lastKnownFileType = image.png; path = knob.png; sourceTree = "<group>"; };
		BBDA3E8C19FBD7230077CFD9 /* list.png */ = {isa = PBXFileReference; lastKnownFileType = image.png; path = list.png; sourceTree = "<group>"; };
		BBDA3E8D19FBD7230077CFD9 /* location.png */ = {isa = PBXFileReference; lastKnownFileType = image.png; path = location.png; sourceTree = "<group>"; };
		BBDA3E8E19FBD7230077CFD9 /* red_heart.png */ = {isa = PBXFileReference; lastKnownFileType = image.png; path = red_heart.png; sourceTree = "<group>"; };
		BBDA3E8F19FBD7230077CFD9 /* success.png */ = {isa = PBXFileReference; lastKnownFileType = image.png; path = success.png; sourceTree = "<group>"; };
		BBDA3E9019FBD7230077CFD9 /* wait.png */ = {isa = PBXFileReference; lastKnownFileType = image.png; path = wait.png; sourceTree = "<group>"; };
		BBF937961A000C48000BF603 /* FLProductListViewController.h */ = {isa = PBXFileReference; fileEncoding = 4; lastKnownFileType = sourcecode.c.h; path = FLProductListViewController.h; sourceTree = "<group>"; };
		BBF937971A000C48000BF603 /* FLProductListViewController.m */ = {isa = PBXFileReference; fileEncoding = 4; lastKnownFileType = sourcecode.c.objc; path = FLProductListViewController.m; sourceTree = "<group>"; };
		BBF9379C1A00160A000BF603 /* SDImageCache.h */ = {isa = PBXFileReference; fileEncoding = 4; lastKnownFileType = sourcecode.c.h; path = SDImageCache.h; sourceTree = "<group>"; };
		BBF9379D1A00160A000BF603 /* SDImageCache.m */ = {isa = PBXFileReference; fileEncoding = 4; lastKnownFileType = sourcecode.c.objc; path = SDImageCache.m; sourceTree = "<group>"; };
		BBF9379E1A00160A000BF603 /* SDImageCacheDelegate.h */ = {isa = PBXFileReference; fileEncoding = 4; lastKnownFileType = sourcecode.c.h; path = SDImageCacheDelegate.h; sourceTree = "<group>"; };
		BBF9379F1A00160A000BF603 /* SDWebImageCompat.h */ = {isa = PBXFileReference; fileEncoding = 4; lastKnownFileType = sourcecode.c.h; path = SDWebImageCompat.h; sourceTree = "<group>"; };
		BBF937A01A00160A000BF603 /* SDWebImageDecoder.h */ = {isa = PBXFileReference; fileEncoding = 4; lastKnownFileType = sourcecode.c.h; path = SDWebImageDecoder.h; sourceTree = "<group>"; };
		BBF937A11A00160A000BF603 /* SDWebImageDecoder.m */ = {isa = PBXFileReference; fileEncoding = 4; lastKnownFileType = sourcecode.c.objc; path = SDWebImageDecoder.m; sourceTree = "<group>"; };
		BBF937A21A00160A000BF603 /* SDWebImageDownloader.h */ = {isa = PBXFileReference; fileEncoding = 4; lastKnownFileType = sourcecode.c.h; path = SDWebImageDownloader.h; sourceTree = "<group>"; };
		BBF937A31A00160A000BF603 /* SDWebImageDownloader.m */ = {isa = PBXFileReference; fileEncoding = 4; lastKnownFileType = sourcecode.c.objc; path = SDWebImageDownloader.m; sourceTree = "<group>"; };
		BBF937A41A00160A000BF603 /* SDWebImageDownloaderDelegate.h */ = {isa = PBXFileReference; fileEncoding = 4; lastKnownFileType = sourcecode.c.h; path = SDWebImageDownloaderDelegate.h; sourceTree = "<group>"; };
		BBF937A51A00160A000BF603 /* SDWebImageManager.h */ = {isa = PBXFileReference; fileEncoding = 4; lastKnownFileType = sourcecode.c.h; path = SDWebImageManager.h; sourceTree = "<group>"; };
		BBF937A61A00160A000BF603 /* SDWebImageManager.m */ = {isa = PBXFileReference; fileEncoding = 4; lastKnownFileType = sourcecode.c.objc; path = SDWebImageManager.m; sourceTree = "<group>"; };
		BBF937A71A00160A000BF603 /* SDWebImageManagerDelegate.h */ = {isa = PBXFileReference; fileEncoding = 4; lastKnownFileType = sourcecode.c.h; path = SDWebImageManagerDelegate.h; sourceTree = "<group>"; };
		BBF937A81A00160A000BF603 /* SDWebImagePrefetcher.h */ = {isa = PBXFileReference; fileEncoding = 4; lastKnownFileType = sourcecode.c.h; path = SDWebImagePrefetcher.h; sourceTree = "<group>"; };
		BBF937A91A00160A000BF603 /* SDWebImagePrefetcher.m */ = {isa = PBXFileReference; fileEncoding = 4; lastKnownFileType = sourcecode.c.objc; path = SDWebImagePrefetcher.m; sourceTree = "<group>"; };
		BBF937AA1A00160A000BF603 /* UIButton+WebCache.h */ = {isa = PBXFileReference; fileEncoding = 4; lastKnownFileType = sourcecode.c.h; path = "UIButton+WebCache.h"; sourceTree = "<group>"; };
		BBF937AB1A00160A000BF603 /* UIButton+WebCache.m */ = {isa = PBXFileReference; fileEncoding = 4; lastKnownFileType = sourcecode.c.objc; path = "UIButton+WebCache.m"; sourceTree = "<group>"; };
		BBF937AC1A00160A000BF603 /* UIImageView+WebCache.h */ = {isa = PBXFileReference; fileEncoding = 4; lastKnownFileType = sourcecode.c.h; path = "UIImageView+WebCache.h"; sourceTree = "<group>"; };
		BBF937AD1A00160A000BF603 /* UIImageView+WebCache.m */ = {isa = PBXFileReference; fileEncoding = 4; lastKnownFileType = sourcecode.c.objc; path = "UIImageView+WebCache.m"; sourceTree = "<group>"; };
		BBF937B51A001B48000BF603 /* ATPicker.h */ = {isa = PBXFileReference; fileEncoding = 4; lastKnownFileType = sourcecode.c.h; path = ATPicker.h; sourceTree = "<group>"; };
		BBF937B61A001B48000BF603 /* ATPicker.m */ = {isa = PBXFileReference; fileEncoding = 4; lastKnownFileType = sourcecode.c.objc; path = ATPicker.m; sourceTree = "<group>"; };
		BBF937B71A001B48000BF603 /* ATPicker.xib */ = {isa = PBXFileReference; fileEncoding = 4; lastKnownFileType = file.xib; path = ATPicker.xib; sourceTree = "<group>"; };
		BBF937BA1A014C7B000BF603 /* FLMapViewController.h */ = {isa = PBXFileReference; fileEncoding = 4; lastKnownFileType = sourcecode.c.h; path = FLMapViewController.h; sourceTree = "<group>"; };
		BBF937BB1A014C7C000BF603 /* FLMapViewController.m */ = {isa = PBXFileReference; fileEncoding = 4; lastKnownFileType = sourcecode.c.objc; path = FLMapViewController.m; sourceTree = "<group>"; };
		BBF937BD1A014D34000BF603 /* MapKit.framework */ = {isa = PBXFileReference; lastKnownFileType = wrapper.framework; name = MapKit.framework; path = System/Library/Frameworks/MapKit.framework; sourceTree = SDKROOT; };
		BBF937BF1A015010000BF603 /* CustomAnnotation.h */ = {isa = PBXFileReference; fileEncoding = 4; lastKnownFileType = sourcecode.c.h; path = CustomAnnotation.h; sourceTree = "<group>"; };
		BBF937C01A015010000BF603 /* CustomAnnotation.m */ = {isa = PBXFileReference; fileEncoding = 4; lastKnownFileType = sourcecode.c.objc; path = CustomAnnotation.m; sourceTree = "<group>"; };
/* End PBXFileReference section */

/* Begin PBXFrameworksBuildPhase section */
		BB7C320A19FAB82500A5EFCF /* Frameworks */ = {
			isa = PBXFrameworksBuildPhase;
			buildActionMask = 2147483647;
			files = (
				BBF937BE1A014D34000BF603 /* MapKit.framework in Frameworks */,
			);
			runOnlyForDeploymentPostprocessing = 0;
		};
		BB7C322319FAB82500A5EFCF /* Frameworks */ = {
			isa = PBXFrameworksBuildPhase;
			buildActionMask = 2147483647;
			files = (
			);
			runOnlyForDeploymentPostprocessing = 0;
		};
/* End PBXFrameworksBuildPhase section */

/* Begin PBXGroup section */
		B913F1C51A0112FD00DD984A /* stars */ = {
			isa = PBXGroup;
			children = (
				B913F1C61A0112FD00DD984A /* half_selected_star.png */,
				B913F1C71A0112FD00DD984A /* half_selected_star@2x.png */,
				B913F1C81A0112FD00DD984A /* not_selected_star.png */,
				B913F1C91A0112FD00DD984A /* not_selected_star@2x.png */,
				B913F1CA1A0112FD00DD984A /* selected_star.png */,
				B913F1CB1A0112FD00DD984A /* selected_star@2x.png */,
			);
			path = stars;
			sourceTree = "<group>";
		};
		B987438619FF6D1600136AA7 /* SBJSON Classes */ = {
			isa = PBXGroup;
			children = (
				B987438719FF6D1600136AA7 /* NSObject+SBJson.h */,
				B987438819FF6D1600136AA7 /* NSObject+SBJson.m */,
				B987438919FF6D1600136AA7 /* SBJson.h */,
				B987438A19FF6D1600136AA7 /* SBJsonParser.h */,
				B987438B19FF6D1600136AA7 /* SBJsonParser.m */,
				B987438C19FF6D1600136AA7 /* SBJsonStreamParser.h */,
				B987438D19FF6D1600136AA7 /* SBJsonStreamParser.m */,
				B987438E19FF6D1600136AA7 /* SBJsonStreamParserAccumulator.h */,
				B987438F19FF6D1600136AA7 /* SBJsonStreamParserAccumulator.m */,
				B987439019FF6D1600136AA7 /* SBJsonStreamParserAdapter.h */,
				B987439119FF6D1600136AA7 /* SBJsonStreamParserAdapter.m */,
				B987439219FF6D1600136AA7 /* SBJsonStreamParserState.h */,
				B987439319FF6D1600136AA7 /* SBJsonStreamParserState.m */,
				B987439419FF6D1600136AA7 /* SBJsonStreamWriter.h */,
				B987439519FF6D1600136AA7 /* SBJsonStreamWriter.m */,
				B987439619FF6D1600136AA7 /* SBJsonStreamWriterAccumulator.h */,
				B987439719FF6D1600136AA7 /* SBJsonStreamWriterAccumulator.m */,
				B987439819FF6D1600136AA7 /* SBJsonStreamWriterState.h */,
				B987439919FF6D1600136AA7 /* SBJsonStreamWriterState.m */,
				B987439A19FF6D1600136AA7 /* SBJsonTokeniser.h */,
				B987439B19FF6D1600136AA7 /* SBJsonTokeniser.m */,
				B987439C19FF6D1600136AA7 /* SBJsonUTF8Stream.h */,
				B987439D19FF6D1600136AA7 /* SBJsonUTF8Stream.m */,
				B987439E19FF6D1600136AA7 /* SBJsonWriter.h */,
				B987439F19FF6D1600136AA7 /* SBJsonWriter.m */,
			);
			path = "SBJSON Classes";
			sourceTree = "<group>";
		};
		B98743FC19FF6D8500136AA7 /* MBProgress HUD */ = {
			isa = PBXGroup;
			children = (
				B98743FD19FF6D8500136AA7 /* MBProgressHUD.h */,
				B98743FE19FF6D8500136AA7 /* MBProgressHUD.m */,
			);
			path = "MBProgress HUD";
			sourceTree = "<group>";
		};
		B987442819FF6FD300136AA7 /* Webservices */ = {
			isa = PBXGroup;
			children = (
				B987443019FF785400136AA7 /* FLZipResponseModel.h */,
				B987442F19FF785400136AA7 /* FLZipResponseModel.m */,
				B987442919FF700D00136AA7 /* ATWebServiceConstant.h */,
				B987442A19FF700D00136AA7 /* ATWebServiceConstant.m */,
				B987442C19FF703600136AA7 /* ATWebService.h */,
				B987442D19FF703600136AA7 /* ATWebService.m */,
			);
			name = Webservices;
			sourceTree = "<group>";
		};
		BB7A74A119FE95D300D71D66 /* AppDelegate */ = {
			isa = PBXGroup;
			children = (
				BB7C321419FAB82500A5EFCF /* AppDelegate.h */,
				BB7C321519FAB82500A5EFCF /* AppDelegate.m */,
				BB7C321A19FAB82500A5EFCF /* Main.storyboard */,
			);
			name = AppDelegate;
			sourceTree = "<group>";
		};
		BB7A74A219FE95F400D71D66 /* View Controllers */ = {
			isa = PBXGroup;
			children = (
				B913F1C21A01112800DD984A /* ASStarRatingView.h */,
				B913F1C31A01112800DD984A /* ASStarRatingView.m */,
				BB7C321719FAB82500A5EFCF /* ViewController.h */,
				BB7C321819FAB82500A5EFCF /* ViewController.m */,
				BB13883419FBE07E0034027C /* FootLightCategoryViewController.h */,
				BB13883519FBE07E0034027C /* FootLightCategoryViewController.m */,
				BB13884A19FBF2290034027C /* FLByLocationViewController.h */,
				BB13884B19FBF2290034027C /* FLByLocationViewController.m */,
				BB13883F19FBEAB80034027C /* FLTheaterViewController.h */,
				BB13884019FBEAB80034027C /* FLTheaterViewController.m */,
				BBF937961A000C48000BF603 /* FLProductListViewController.h */,
				BBF937971A000C48000BF603 /* FLProductListViewController.m */,
				BB7A74B619FEA69500D71D66 /* FLProductDetailViewController.h */,
				BB7A74B719FEA69500D71D66 /* FLProductDetailViewController.m */,
				B913F1BF1A00EE4500DD984A /* FlLoadPdf.h */,
				B913F1C01A00EE4500DD984A /* FlLoadPdf.m */,
				BBF937BA1A014C7B000BF603 /* FLMapViewController.h */,
				BBF937BB1A014C7C000BF603 /* FLMapViewController.m */,
				BBF937BF1A015010000BF603 /* CustomAnnotation.h */,
				BBF937C01A015010000BF603 /* CustomAnnotation.m */,
			);
			name = "View Controllers";
			sourceTree = "<group>";
		};
		BB7A74A319FE966100D71D66 /* Models */ = {
			isa = PBXGroup;
			children = (
				BB13883C19FBE6990034027C /* HomeCellModel.h */,
				BB13883D19FBE6990034027C /* HomeCellModel.m */,
				BB13884719FBED7F0034027C /* FLPickerModel.h */,
				BB13884819FBED7F0034027C /* FLPickerModel.m */,
			);
			name = Models;
			sourceTree = "<group>";
		};
		BB7A74A419FE969400D71D66 /* Custom Cell */ = {
			isa = PBXGroup;
			children = (
				BB13884D19FBFC9B0034027C /* FLCollectionCell.h */,
				BB13884E19FBFC9B0034027C /* FLCollectionCell.m */,
				BB13884F19FBFC9B0034027C /* FLCollectionCell.xib */,
				BB7A74AA19FE98AD00D71D66 /* FLListCell.h */,
				BB7A74AB19FE98AD00D71D66 /* FLListCell.m */,
				BB7A74AC19FE98AD00D71D66 /* FLListCell.xib */,
			);
			name = "Custom Cell";
			sourceTree = "<group>";
		};
		BB7A74A519FE96A700D71D66 /* Custom Controllers */ = {
			isa = PBXGroup;
			children = (
				BB13885219FC068B0034027C /* FLAlert.h */,
				BB13885319FC068B0034027C /* FLAlert.m */,
				BB13883719FBE1BB0034027C /* FLNavigationBar.h */,
				BB13883819FBE1BB0034027C /* FLNavigationBar.m */,
				BB13883919FBE1BB0034027C /* FLNavigationBar.xib */,
				BB13884219FBEB5B0034027C /* FLPicker.h */,
				BB13884319FBEB5B0034027C /* FLPicker.m */,
				BB13884419FBEB5B0034027C /* FLPicker.xib */,
				BB7A74BB19FEB1B600D71D66 /* FLLeftMenuViewController.h */,
				BB7A74BC19FEB1B600D71D66 /* FLLeftMenuViewController.m */,
				BB7A74BD19FEB1B600D71D66 /* FLLeftMenuViewController.xib */,
				BB7A74C019FEB36A00D71D66 /* FLLeftMenuCell.h */,
				BB7A74C119FEB36A00D71D66 /* FLLeftMenuCell.m */,
				BB7A74C219FEB36A00D71D66 /* FLLeftMenuCell.xib */,
				BBF937B51A001B48000BF603 /* ATPicker.h */,
				BBF937B61A001B48000BF603 /* ATPicker.m */,
				BBF937B71A001B48000BF603 /* ATPicker.xib */,
			);
			name = "Custom Controllers";
			sourceTree = "<group>";
		};
		BB7A74A619FE96C400D71D66 /* Category */ = {
			isa = PBXGroup;
			children = (
				BB13885719FC144C0034027C /* UIViewController+ShowModalFromView.h */,
				BB13885519FC14170034027C /* UIViewController+ShowModalFromView.m */,
				BB13885819FC1EC30034027C /* UIView+FLView.h */,
				BB13885919FC1EC30034027C /* UIView+FLView.m */,
			);
			name = Category;
			sourceTree = "<group>";
		};
		BB7C320419FAB82500A5EFCF = {
			isa = PBXGroup;
			children = (
				BBF937BD1A014D34000BF603 /* MapKit.framework */,
				B987440B19FF6E5900136AA7 /* PrefixHeader.pch */,
				BB7C320F19FAB82500A5EFCF /* FootLight */,
				BB7C322919FAB82500A5EFCF /* FootLightTests */,
				BB7C320E19FAB82500A5EFCF /* Products */,
			);
			sourceTree = "<group>";
		};
		BB7C320E19FAB82500A5EFCF /* Products */ = {
			isa = PBXGroup;
			children = (
				BB7C320D19FAB82500A5EFCF /* FootLight.app */,
				BB7C322619FAB82500A5EFCF /* FootLightTests.xctest */,
			);
			name = Products;
			sourceTree = "<group>";
		};
		BB7C320F19FAB82500A5EFCF /* FootLight */ = {
			isa = PBXGroup;
			children = (
				BBF9379B1A00160A000BF603 /* Lazy Load */,
				B987442819FF6FD300136AA7 /* Webservices */,
				B98743FC19FF6D8500136AA7 /* MBProgress HUD */,
				B987438619FF6D1600136AA7 /* SBJSON Classes */,
				BBDA3E8219FBD6FB0077CFD9 /* Images */,
				BB7C323619FAB8FB00A5EFCF /* FootLight */,
				BB7A74A119FE95D300D71D66 /* AppDelegate */,
				BB7A74A219FE95F400D71D66 /* View Controllers */,
				BB7A74A319FE966100D71D66 /* Models */,
				BB7A74A519FE96A700D71D66 /* Custom Controllers */,
				BB7A74A419FE969400D71D66 /* Custom Cell */,
				BB7A74A619FE96C400D71D66 /* Category */,
				BB7C321D19FAB82500A5EFCF /* Images.xcassets */,
				BB7C321F19FAB82500A5EFCF /* LaunchScreen.xib */,
				BB7C321019FAB82500A5EFCF /* Supporting Files */,
			);
			path = FootLight;
			sourceTree = "<group>";
		};
		BB7C321019FAB82500A5EFCF /* Supporting Files */ = {
			isa = PBXGroup;
			children = (
				BB7C321119FAB82500A5EFCF /* Info.plist */,
				BB7C321219FAB82500A5EFCF /* main.m */,
			);
			name = "Supporting Files";
			sourceTree = "<group>";
		};
		BB7C322919FAB82500A5EFCF /* FootLightTests */ = {
			isa = PBXGroup;
			children = (
				BB7C322C19FAB82500A5EFCF /* FootLightTests.m */,
				BB7C322A19FAB82500A5EFCF /* Supporting Files */,
			);
			path = FootLightTests;
			sourceTree = "<group>";
		};
		BB7C322A19FAB82500A5EFCF /* Supporting Files */ = {
			isa = PBXGroup;
			children = (
				BB7C322B19FAB82500A5EFCF /* Info.plist */,
			);
			name = "Supporting Files";
			sourceTree = "<group>";
		};
		BB7C323619FAB8FB00A5EFCF /* FootLight */ = {
			isa = PBXGroup;
			children = (
				BB7C323719FAB8FB00A5EFCF /* default.png */,
				BB7C323B19FAB8FB00A5EFCF /* Home_Favourites.png */,
				BB7C323C19FAB8FB00A5EFCF /* Home_Listings.png */,
				BB7C324019FAB8FB00A5EFCF /* Home_TopPicks.png */,
				BBDA3E8019FB587B0077CFD9 /* Home_location.png */,
				BB7C323819FAB8FB00A5EFCF /* Category_Cabaret.png */,
				BB7C323919FAB8FB00A5EFCF /* Category_Comedy.png */,
				BB7C323A19FAB8FB00A5EFCF /* Category_Dance.png */,
				BB7C323D19FAB8FB00A5EFCF /* Category_Music.png */,
				BB7C323E19FAB8FB00A5EFCF /* Category_Museum.png */,
				BB7C323F19FAB8FB00A5EFCF /* Category_Theatre.png */,
				BB7C324119FAB8FB00A5EFCF /* NavigationBar.png */,
			);
			path = FootLight;
			sourceTree = "<group>";
		};
		BBDA3E8219FBD6FB0077CFD9 /* Images */ = {
			isa = PBXGroup;
			children = (
				B913F1C51A0112FD00DD984A /* stars */,
				BB7A74AF19FE9DE000D71D66 /* rightArrow.png */,
				BB7A74B019FE9DE000D71D66 /* rightArrow@2x copy.png */,
				BBDA3E8319FBD7230077CFD9 /* critic.png */,
				BBDA3E8419FBD7230077CFD9 /* drop_down.jpg */,
				BBDA3E8519FBD7230077CFD9 /* fail.png */,
				BBDA3E8619FBD7230077CFD9 /* favorite.png */,
				BBDA3E8719FBD7230077CFD9 /* home.png */,
				BBDA3E8819FBD7230077CFD9 /* ic_drawer.png */,
				BBDA3E8919FBD7230077CFD9 /* ic_launcher.jpg */,
				BBDA3E8A19FBD7230077CFD9 /* image_back.png */,
				BBDA3E8B19FBD7230077CFD9 /* knob.png */,
				BBDA3E8C19FBD7230077CFD9 /* list.png */,
				BBDA3E8D19FBD7230077CFD9 /* location.png */,
				BBDA3E8E19FBD7230077CFD9 /* red_heart.png */,
				BB7A74B919FEA83600D71D66 /* black_heart.png */,
				BBDA3E8F19FBD7230077CFD9 /* success.png */,
				BBDA3E9019FBD7230077CFD9 /* wait.png */,
			);
			name = Images;
			path = ..;
			sourceTree = "<group>";
			tabWidth = 4;
			usesTabs = 0;
		};
		BBF9379B1A00160A000BF603 /* Lazy Load */ = {
			isa = PBXGroup;
			children = (
				BBF9379C1A00160A000BF603 /* SDImageCache.h */,
				BBF9379D1A00160A000BF603 /* SDImageCache.m */,
				BBF9379E1A00160A000BF603 /* SDImageCacheDelegate.h */,
				BBF9379F1A00160A000BF603 /* SDWebImageCompat.h */,
				BBF937A01A00160A000BF603 /* SDWebImageDecoder.h */,
				BBF937A11A00160A000BF603 /* SDWebImageDecoder.m */,
				BBF937A21A00160A000BF603 /* SDWebImageDownloader.h */,
				BBF937A31A00160A000BF603 /* SDWebImageDownloader.m */,
				BBF937A41A00160A000BF603 /* SDWebImageDownloaderDelegate.h */,
				BBF937A51A00160A000BF603 /* SDWebImageManager.h */,
				BBF937A61A00160A000BF603 /* SDWebImageManager.m */,
				BBF937A71A00160A000BF603 /* SDWebImageManagerDelegate.h */,
				BBF937A81A00160A000BF603 /* SDWebImagePrefetcher.h */,
				BBF937A91A00160A000BF603 /* SDWebImagePrefetcher.m */,
				BBF937AA1A00160A000BF603 /* UIButton+WebCache.h */,
				BBF937AB1A00160A000BF603 /* UIButton+WebCache.m */,
				BBF937AC1A00160A000BF603 /* UIImageView+WebCache.h */,
				BBF937AD1A00160A000BF603 /* UIImageView+WebCache.m */,
			);
			path = "Lazy Load";
			sourceTree = "<group>";
		};
/* End PBXGroup section */

/* Begin PBXNativeTarget section */
		BB7C320C19FAB82500A5EFCF /* FootLight */ = {
			isa = PBXNativeTarget;
			buildConfigurationList = BB7C323019FAB82500A5EFCF /* Build configuration list for PBXNativeTarget "FootLight" */;
			buildPhases = (
				BB7C320919FAB82500A5EFCF /* Sources */,
				BB7C320A19FAB82500A5EFCF /* Frameworks */,
				BB7C320B19FAB82500A5EFCF /* Resources */,
			);
			buildRules = (
			);
			dependencies = (
			);
			name = FootLight;
			productName = FootLight;
			productReference = BB7C320D19FAB82500A5EFCF /* FootLight.app */;
			productType = "com.apple.product-type.application";
		};
		BB7C322519FAB82500A5EFCF /* FootLightTests */ = {
			isa = PBXNativeTarget;
			buildConfigurationList = BB7C323319FAB82500A5EFCF /* Build configuration list for PBXNativeTarget "FootLightTests" */;
			buildPhases = (
				BB7C322219FAB82500A5EFCF /* Sources */,
				BB7C322319FAB82500A5EFCF /* Frameworks */,
				BB7C322419FAB82500A5EFCF /* Resources */,
			);
			buildRules = (
			);
			dependencies = (
				BB7C322819FAB82500A5EFCF /* PBXTargetDependency */,
			);
			name = FootLightTests;
			productName = FootLightTests;
			productReference = BB7C322619FAB82500A5EFCF /* FootLightTests.xctest */;
			productType = "com.apple.product-type.bundle.unit-test";
		};
/* End PBXNativeTarget section */

/* Begin PBXProject section */
		BB7C320519FAB82500A5EFCF /* Project object */ = {
			isa = PBXProject;
			attributes = {
				LastUpgradeCheck = 0610;
				ORGANIZATIONNAME = "Avinash Tag";
				TargetAttributes = {
					BB7C320C19FAB82500A5EFCF = {
						CreatedOnToolsVersion = 6.1;
					};
					BB7C322519FAB82500A5EFCF = {
						CreatedOnToolsVersion = 6.1;
						TestTargetID = BB7C320C19FAB82500A5EFCF;
					};
				};
			};
			buildConfigurationList = BB7C320819FAB82500A5EFCF /* Build configuration list for PBXProject "FootLight" */;
			compatibilityVersion = "Xcode 3.2";
			developmentRegion = English;
			hasScannedForEncodings = 0;
			knownRegions = (
				en,
				Base,
			);
			mainGroup = BB7C320419FAB82500A5EFCF;
			productRefGroup = BB7C320E19FAB82500A5EFCF /* Products */;
			projectDirPath = "";
			projectRoot = "";
			targets = (
				BB7C320C19FAB82500A5EFCF /* FootLight */,
				BB7C322519FAB82500A5EFCF /* FootLightTests */,
			);
		};
/* End PBXProject section */

/* Begin PBXResourcesBuildPhase section */
		BB7C320B19FAB82500A5EFCF /* Resources */ = {
			isa = PBXResourcesBuildPhase;
			buildActionMask = 2147483647;
			files = (
				BB7C321C19FAB82500A5EFCF /* Main.storyboard in Resources */,
				BBDA3E9919FBD7230077CFD9 /* knob.png in Resources */,
				BB7C324719FAB8FB00A5EFCF /* Home_Listings.png in Resources */,
				BBDA3E9519FBD7230077CFD9 /* home.png in Resources */,
				B913F1CE1A0112FD00DD984A /* not_selected_star.png in Resources */,
				BB7C322119FAB82500A5EFCF /* LaunchScreen.xib in Resources */,
				BB7A74B219FE9DE000D71D66 /* rightArrow@2x copy.png in Resources */,
				BB7A74BA19FEA83600D71D66 /* black_heart.png in Resources */,
				BBDA3E9619FBD7230077CFD9 /* ic_drawer.png in Resources */,
				BB7C324819FAB8FB00A5EFCF /* Category_Music.png in Resources */,
				BB13885119FBFC9B0034027C /* FLCollectionCell.xib in Resources */,
				BB13883B19FBE1BB0034027C /* FLNavigationBar.xib in Resources */,
				BBDA3E8119FB587B0077CFD9 /* Home_location.png in Resources */,
				BB7C324419FAB8FB00A5EFCF /* Category_Comedy.png in Resources */,
				BBDA3E9C19FBD7230077CFD9 /* red_heart.png in Resources */,
				BB7C324A19FAB8FB00A5EFCF /* Category_Theatre.png in Resources */,
				BB13884619FBEB5B0034027C /* FLPicker.xib in Resources */,
				BB7C324B19FAB8FB00A5EFCF /* Home_TopPicks.png in Resources */,
				B913F1CF1A0112FD00DD984A /* not_selected_star@2x.png in Resources */,
				BB7C321E19FAB82500A5EFCF /* Images.xcassets in Resources */,
				BBDA3E9819FBD7230077CFD9 /* image_back.png in Resources */,
				BBDA3E9D19FBD7230077CFD9 /* success.png in Resources */,
				BB7A74B119FE9DE000D71D66 /* rightArrow.png in Resources */,
				BB7C324919FAB8FB00A5EFCF /* Category_Museum.png in Resources */,
				BBDA3E9419FBD7230077CFD9 /* favorite.png in Resources */,
				B913F1CD1A0112FD00DD984A /* half_selected_star@2x.png in Resources */,
				B913F1D11A0112FD00DD984A /* selected_star@2x.png in Resources */,
				BBDA3E9719FBD7230077CFD9 /* ic_launcher.jpg in Resources */,
				BBDA3E9A19FBD7230077CFD9 /* list.png in Resources */,
				BB7C324319FAB8FB00A5EFCF /* Category_Cabaret.png in Resources */,
				BBDA3E9319FBD7230077CFD9 /* fail.png in Resources */,
				BB7A74BF19FEB1B600D71D66 /* FLLeftMenuViewController.xib in Resources */,
				BB7C324619FAB8FB00A5EFCF /* Home_Favourites.png in Resources */,
				BB7C324219FAB8FB00A5EFCF /* default.png in Resources */,
				BBDA3E9B19FBD7230077CFD9 /* location.png in Resources */,
				B913F1D01A0112FD00DD984A /* selected_star.png in Resources */,
				BB7A74C419FEB36A00D71D66 /* FLLeftMenuCell.xib in Resources */,
				BBF937B91A001B48000BF603 /* ATPicker.xib in Resources */,
				BBDA3E9219FBD7230077CFD9 /* drop_down.jpg in Resources */,
				BBDA3E9E19FBD7230077CFD9 /* wait.png in Resources */,
				BB7C324519FAB8FB00A5EFCF /* Category_Dance.png in Resources */,
				BB7A74AE19FE98AD00D71D66 /* FLListCell.xib in Resources */,
				B913F1CC1A0112FD00DD984A /* half_selected_star.png in Resources */,
				BB7C324C19FAB8FB00A5EFCF /* NavigationBar.png in Resources */,
				BBDA3E9119FBD7230077CFD9 /* critic.png in Resources */,
			);
			runOnlyForDeploymentPostprocessing = 0;
		};
		BB7C322419FAB82500A5EFCF /* Resources */ = {
			isa = PBXResourcesBuildPhase;
			buildActionMask = 2147483647;
			files = (
			);
			runOnlyForDeploymentPostprocessing = 0;
		};
/* End PBXResourcesBuildPhase section */

/* Begin PBXSourcesBuildPhase section */
		BB7C320919FAB82500A5EFCF /* Sources */ = {
			isa = PBXSourcesBuildPhase;
			buildActionMask = 2147483647;
			files = (
				BB13883619FBE07E0034027C /* FootLightCategoryViewController.m in Sources */,
				BBF937B21A00160A000BF603 /* SDWebImagePrefetcher.m in Sources */,
				B98743AB19FF6D1600136AA7 /* SBJsonStreamWriterState.m in Sources */,
				BBF937991A000C48000BF603 /* FLProductListViewController.m in Sources */,
				BB7C321919FAB82500A5EFCF /* ViewController.m in Sources */,
				B987442B19FF700D00136AA7 /* ATWebServiceConstant.m in Sources */,
				BB13884119FBEAB80034027C /* FLTheaterViewController.m in Sources */,
				BB13883E19FBE6990034027C /* HomeCellModel.m in Sources */,
				BB7A74BE19FEB1B600D71D66 /* FLLeftMenuViewController.m in Sources */,
				BB7A74AD19FE98AD00D71D66 /* FLListCell.m in Sources */,
				BB13885619FC14180034027C /* UIViewController+ShowModalFromView.m in Sources */,
				B98743A719FF6D1600136AA7 /* SBJsonStreamParserAdapter.m in Sources */,
				B98743A819FF6D1600136AA7 /* SBJsonStreamParserState.m in Sources */,
				BBF937BC1A014C7C000BF603 /* FLMapViewController.m in Sources */,
				BB13884519FBEB5B0034027C /* FLPicker.m in Sources */,
				B98743A619FF6D1600136AA7 /* SBJsonStreamParserAccumulator.m in Sources */,
				BBF937B01A00160A000BF603 /* SDWebImageDownloader.m in Sources */,
				BBF937AF1A00160A000BF603 /* SDWebImageDecoder.m in Sources */,
				BB13884919FBED7F0034027C /* FLPickerModel.m in Sources */,
				B98743AC19FF6D1600136AA7 /* SBJsonTokeniser.m in Sources */,
				BBF937B81A001B48000BF603 /* ATPicker.m in Sources */,
				BBF937B11A00160A000BF603 /* SDWebImageManager.m in Sources */,
				BB13885A19FC1EC30034027C /* UIView+FLView.m in Sources */,
				B987443119FF785400136AA7 /* FLZipResponseModel.m in Sources */,
				BB7C321619FAB82500A5EFCF /* AppDelegate.m in Sources */,
				BBF937AE1A00160A000BF603 /* SDImageCache.m in Sources */,
				BB7C321319FAB82500A5EFCF /* main.m in Sources */,
				B98743A519FF6D1600136AA7 /* SBJsonStreamParser.m in Sources */,
				BB7A74C319FEB36A00D71D66 /* FLLeftMenuCell.m in Sources */,
				B98743A319FF6D1600136AA7 /* NSObject+SBJson.m in Sources */,
				BB13883A19FBE1BB0034027C /* FLNavigationBar.m in Sources */,
				BB7A74B819FEA69500D71D66 /* FLProductDetailViewController.m in Sources */,
				BB13884C19FBF2290034027C /* FLByLocationViewController.m in Sources */,
				B98743AD19FF6D1600136AA7 /* SBJsonUTF8Stream.m in Sources */,
				BBF937B41A00160A000BF603 /* UIImageView+WebCache.m in Sources */,
				BBF937B31A00160A000BF603 /* UIButton+WebCache.m in Sources */,
				B913F1C41A01112800DD984A /* ASStarRatingView.m in Sources */,
				BB13885019FBFC9B0034027C /* FLCollectionCell.m in Sources */,
				B98743A419FF6D1600136AA7 /* SBJsonParser.m in Sources */,
				B987442E19FF703600136AA7 /* ATWebService.m in Sources */,
				B913F1C11A00EE4500DD984A /* FlLoadPdf.m in Sources */,
				B98743AA19FF6D1600136AA7 /* SBJsonStreamWriterAccumulator.m in Sources */,
				B987440919FF6D8500136AA7 /* MBProgressHUD.m in Sources */,
				BB13885419FC068C0034027C /* FLAlert.m in Sources */,
				BBF937C11A015010000BF603 /* CustomAnnotation.m in Sources */,
				B98743A919FF6D1600136AA7 /* SBJsonStreamWriter.m in Sources */,
				B98743AE19FF6D1600136AA7 /* SBJsonWriter.m in Sources */,
			);
			runOnlyForDeploymentPostprocessing = 0;
		};
		BB7C322219FAB82500A5EFCF /* Sources */ = {
			isa = PBXSourcesBuildPhase;
			buildActionMask = 2147483647;
			files = (
				BB7C322D19FAB82500A5EFCF /* FootLightTests.m in Sources */,
			);
			runOnlyForDeploymentPostprocessing = 0;
		};
/* End PBXSourcesBuildPhase section */

/* Begin PBXTargetDependency section */
		BB7C322819FAB82500A5EFCF /* PBXTargetDependency */ = {
			isa = PBXTargetDependency;
			target = BB7C320C19FAB82500A5EFCF /* FootLight */;
			targetProxy = BB7C322719FAB82500A5EFCF /* PBXContainerItemProxy */;
		};
/* End PBXTargetDependency section */

/* Begin PBXVariantGroup section */
		BB7C321A19FAB82500A5EFCF /* Main.storyboard */ = {
			isa = PBXVariantGroup;
			children = (
				BB7C321B19FAB82500A5EFCF /* Base */,
			);
			name = Main.storyboard;
			sourceTree = "<group>";
		};
		BB7C321F19FAB82500A5EFCF /* LaunchScreen.xib */ = {
			isa = PBXVariantGroup;
			children = (
				BB7C322019FAB82500A5EFCF /* Base */,
			);
			name = LaunchScreen.xib;
			sourceTree = "<group>";
		};
/* End PBXVariantGroup section */

/* Begin XCBuildConfiguration section */
		BB7C322E19FAB82500A5EFCF /* Debug */ = {
			isa = XCBuildConfiguration;
			buildSettings = {
				ALWAYS_SEARCH_USER_PATHS = NO;
				CLANG_CXX_LANGUAGE_STANDARD = "gnu++0x";
				CLANG_CXX_LIBRARY = "libc++";
				CLANG_ENABLE_MODULES = YES;
				CLANG_ENABLE_OBJC_ARC = YES;
				CLANG_WARN_BOOL_CONVERSION = YES;
				CLANG_WARN_CONSTANT_CONVERSION = YES;
				CLANG_WARN_DIRECT_OBJC_ISA_USAGE = YES_ERROR;
				CLANG_WARN_EMPTY_BODY = YES;
				CLANG_WARN_ENUM_CONVERSION = YES;
				CLANG_WARN_INT_CONVERSION = YES;
				CLANG_WARN_OBJC_ROOT_CLASS = YES_ERROR;
				CLANG_WARN_UNREACHABLE_CODE = YES;
				CLANG_WARN__DUPLICATE_METHOD_MATCH = YES;
				"CODE_SIGN_IDENTITY[sdk=iphoneos*]" = "iPhone Developer";
				COPY_PHASE_STRIP = NO;
				ENABLE_STRICT_OBJC_MSGSEND = YES;
				GCC_C_LANGUAGE_STANDARD = gnu99;
				GCC_DYNAMIC_NO_PIC = NO;
				GCC_OPTIMIZATION_LEVEL = 0;
				GCC_PREPROCESSOR_DEFINITIONS = (
					"DEBUG=1",
					"$(inherited)",
				);
				GCC_SYMBOLS_PRIVATE_EXTERN = NO;
				GCC_WARN_64_TO_32_BIT_CONVERSION = YES;
				GCC_WARN_ABOUT_RETURN_TYPE = YES_ERROR;
				GCC_WARN_UNDECLARED_SELECTOR = YES;
				GCC_WARN_UNINITIALIZED_AUTOS = YES_AGGRESSIVE;
				GCC_WARN_UNUSED_FUNCTION = YES;
				GCC_WARN_UNUSED_VARIABLE = YES;
				IPHONEOS_DEPLOYMENT_TARGET = 8.1;
				MTL_ENABLE_DEBUG_INFO = YES;
				ONLY_ACTIVE_ARCH = YES;
				SDKROOT = iphoneos;
			};
			name = Debug;
		};
		BB7C322F19FAB82500A5EFCF /* Release */ = {
			isa = XCBuildConfiguration;
			buildSettings = {
				ALWAYS_SEARCH_USER_PATHS = NO;
				CLANG_CXX_LANGUAGE_STANDARD = "gnu++0x";
				CLANG_CXX_LIBRARY = "libc++";
				CLANG_ENABLE_MODULES = YES;
				CLANG_ENABLE_OBJC_ARC = YES;
				CLANG_WARN_BOOL_CONVERSION = YES;
				CLANG_WARN_CONSTANT_CONVERSION = YES;
				CLANG_WARN_DIRECT_OBJC_ISA_USAGE = YES_ERROR;
				CLANG_WARN_EMPTY_BODY = YES;
				CLANG_WARN_ENUM_CONVERSION = YES;
				CLANG_WARN_INT_CONVERSION = YES;
				CLANG_WARN_OBJC_ROOT_CLASS = YES_ERROR;
				CLANG_WARN_UNREACHABLE_CODE = YES;
				CLANG_WARN__DUPLICATE_METHOD_MATCH = YES;
				"CODE_SIGN_IDENTITY[sdk=iphoneos*]" = "iPhone Developer";
				COPY_PHASE_STRIP = YES;
				ENABLE_NS_ASSERTIONS = NO;
				ENABLE_STRICT_OBJC_MSGSEND = YES;
				GCC_C_LANGUAGE_STANDARD = gnu99;
				GCC_WARN_64_TO_32_BIT_CONVERSION = YES;
				GCC_WARN_ABOUT_RETURN_TYPE = YES_ERROR;
				GCC_WARN_UNDECLARED_SELECTOR = YES;
				GCC_WARN_UNINITIALIZED_AUTOS = YES_AGGRESSIVE;
				GCC_WARN_UNUSED_FUNCTION = YES;
				GCC_WARN_UNUSED_VARIABLE = YES;
				IPHONEOS_DEPLOYMENT_TARGET = 8.1;
				MTL_ENABLE_DEBUG_INFO = NO;
				SDKROOT = iphoneos;
				VALIDATE_PRODUCT = YES;
			};
			name = Release;
		};
		BB7C323119FAB82500A5EFCF /* Debug */ = {
			isa = XCBuildConfiguration;
			buildSettings = {
				ASSETCATALOG_COMPILER_APPICON_NAME = AppIcon;
				CODE_SIGN_IDENTITY = "iPhone Developer: Ibrahim Hayek (YUK7M8L9QK)";
				GCC_PREFIX_HEADER = PrefixHeader.pch;
				INFOPLIST_FILE = FootLight/Info.plist;
				IPHONEOS_DEPLOYMENT_TARGET = 8.0;
				LD_RUNPATH_SEARCH_PATHS = "$(inherited) @executable_path/Frameworks";
				PRODUCT_NAME = "$(TARGET_NAME)";
				PROVISIONING_PROFILE = "6871cfde-1360-46e0-b553-e8a1217ecc52";
			};
			name = Debug;
		};
		BB7C323219FAB82500A5EFCF /* Release */ = {
			isa = XCBuildConfiguration;
			buildSettings = {
				ASSETCATALOG_COMPILER_APPICON_NAME = AppIcon;
				CODE_SIGN_IDENTITY = "iPhone Developer: Ibrahim Hayek (YUK7M8L9QK)";
				GCC_PREFIX_HEADER = PrefixHeader.pch;
				INFOPLIST_FILE = FootLight/Info.plist;
				IPHONEOS_DEPLOYMENT_TARGET = 8.0;
				LD_RUNPATH_SEARCH_PATHS = "$(inherited) @executable_path/Frameworks";
				PRODUCT_NAME = "$(TARGET_NAME)";
				PROVISIONING_PROFILE = "6871cfde-1360-46e0-b553-e8a1217ecc52";
			};
			name = Release;
		};
		BB7C323419FAB82500A5EFCF /* Debug */ = {
			isa = XCBuildConfiguration;
			buildSettings = {
				BUNDLE_LOADER = "$(TEST_HOST)";
				FRAMEWORK_SEARCH_PATHS = (
					"$(SDKROOT)/Developer/Library/Frameworks",
					"$(inherited)",
				);
				GCC_PREPROCESSOR_DEFINITIONS = (
					"DEBUG=1",
					"$(inherited)",
				);
				INFOPLIST_FILE = FootLightTests/Info.plist;
				LD_RUNPATH_SEARCH_PATHS = "$(inherited) @executable_path/Frameworks @loader_path/Frameworks";
				PRODUCT_NAME = "$(TARGET_NAME)";
				TEST_HOST = "$(BUILT_PRODUCTS_DIR)/FootLight.app/FootLight";
			};
			name = Debug;
		};
		BB7C323519FAB82500A5EFCF /* Release */ = {
			isa = XCBuildConfiguration;
			buildSettings = {
				BUNDLE_LOADER = "$(TEST_HOST)";
				FRAMEWORK_SEARCH_PATHS = (
					"$(SDKROOT)/Developer/Library/Frameworks",
					"$(inherited)",
				);
				INFOPLIST_FILE = FootLightTests/Info.plist;
				LD_RUNPATH_SEARCH_PATHS = "$(inherited) @executable_path/Frameworks @loader_path/Frameworks";
				PRODUCT_NAME = "$(TARGET_NAME)";
				TEST_HOST = "$(BUILT_PRODUCTS_DIR)/FootLight.app/FootLight";
			};
			name = Release;
		};
/* End XCBuildConfiguration section */

/* Begin XCConfigurationList section */
		BB7C320819FAB82500A5EFCF /* Build configuration list for PBXProject "FootLight" */ = {
			isa = XCConfigurationList;
			buildConfigurations = (
				BB7C322E19FAB82500A5EFCF /* Debug */,
				BB7C322F19FAB82500A5EFCF /* Release */,
			);
			defaultConfigurationIsVisible = 0;
			defaultConfigurationName = Release;
		};
		BB7C323019FAB82500A5EFCF /* Build configuration list for PBXNativeTarget "FootLight" */ = {
			isa = XCConfigurationList;
			buildConfigurations = (
				BB7C323119FAB82500A5EFCF /* Debug */,
				BB7C323219FAB82500A5EFCF /* Release */,
			);
			defaultConfigurationIsVisible = 0;
			defaultConfigurationName = Release;
		};
		BB7C323319FAB82500A5EFCF /* Build configuration list for PBXNativeTarget "FootLightTests" */ = {
			isa = XCConfigurationList;
			buildConfigurations = (
				BB7C323419FAB82500A5EFCF /* Debug */,
				BB7C323519FAB82500A5EFCF /* Release */,
			);
			defaultConfigurationIsVisible = 0;
			defaultConfigurationName = Release;
		};
/* End XCConfigurationList section */
	};
	rootObject = BB7C320519FAB82500A5EFCF /* Project object */;
}
